
Microsoft Visual Studio Solution File, Format Version 12.00
# Visual Studio Version 16
VisualStudioVersion = 16.0.31624.102
MinimumVisualStudioVersion = 10.0.40219.1
Project("{FAE04EC0-301F-11D3-BF4B-00C04F79EFBC}") = "daire_dikdörtgen", "daire_dikdörtgen\daire_dikdörtgen.csproj", "{52C81EB2-3879-4E3D-A4BF-4C837A8D6688}"
EndProject
Global
	GlobalSection(SolutionConfigurationPlatforms) = preSolution
		Debug|Any CPU = Debug|Any CPU
		Release|Any CPU = Release|Any CPU
	EndGlobalSection
	GlobalSection(ProjectConfigurationPlatforms) = postSolution
		{52C81EB2-3879-4E3D-A4BF-4C837A8D6688}.Debug|Any CPU.ActiveCfg = Debug|Any CPU
		{52C81EB2-3879-4E3D-A4BF-4C837A8D6688}.Debug|Any CPU.Build.0 = Debug|Any CPU
		{52C81EB2-3879-4E3D-A4BF-4C837A8D6688}.Release|Any CPU.ActiveCfg = Release|Any CPU
		{52C81EB2-3879-4E3D-A4BF-4C837A8D6688}.Release|Any CPU.Build.0 = Release|Any CPU
	EndGlobalSection
	GlobalSection(SolutionProperties) = preSolution
		HideSolutionNode = FALSE
	EndGlobalSection
	GlobalSection(ExtensibilityGlobals) = postSolution
		SolutionGuid = {68CD64E0-C2A7-4056-AA0A-728F071B6893}
	EndGlobalSection
EndGlobal
